// !$*UTF8*$!
{
	archiveVersion = 1;
	classes = {
	};
	objectVersion = 48;
	objects = {

/* Begin PBXBuildFile section */
		3DDD2DEB1FCCF8F2003CE18F /* AppDelegate.swift in Sources */ = {isa = PBXBuildFile; fileRef = 3DDD2DEA1FCCF8F2003CE18F /* AppDelegate.swift */; };
		3DDD2DED1FCCF8F2003CE18F /* ViewController.swift in Sources */ = {isa = PBXBuildFile; fileRef = 3DDD2DEC1FCCF8F2003CE18F /* ViewController.swift */; };
		3DDD2DF01FCCF8F2003CE18F /* Main.storyboard in Resources */ = {isa = PBXBuildFile; fileRef = 3DDD2DEE1FCCF8F2003CE18F /* Main.storyboard */; };
		3DDD2DF21FCCF8F2003CE18F /* Assets.xcassets in Resources */ = {isa = PBXBuildFile; fileRef = 3DDD2DF11FCCF8F2003CE18F /* Assets.xcassets */; };
		3DDD2DF51FCCF8F2003CE18F /* LaunchScreen.storyboard in Resources */ = {isa = PBXBuildFile; fileRef = 3DDD2DF31FCCF8F2003CE18F /* LaunchScreen.storyboard */; };
		3DDD2DFF1FCE6085003CE18F /* MememeTextFieldDelegate.swift in Sources */ = {isa = PBXBuildFile; fileRef = 3DDD2DFE1FCE6085003CE18F /* MememeTextFieldDelegate.swift */; };
		3DDD2E011FCFA0C0003CE18F /* MemeModel.swift in Sources */ = {isa = PBXBuildFile; fileRef = 3DDD2E001FCFA0C0003CE18F /* MemeModel.swift */; };
/* End PBXBuildFile section */

/* Begin PBXFileReference section */
		3DDD2DE71FCCF8F2003CE18F /* MemeMe.app */ = {isa = PBXFileReference; explicitFileType = wrapper.application; includeInIndex = 0; path = MemeMe.app; sourceTree = BUILT_PRODUCTS_DIR; };
		3DDD2DEA1FCCF8F2003CE18F /* AppDelegate.swift */ = {isa = PBXFileReference; lastKnownFileType = sourcecode.swift; path = AppDelegate.swift; sourceTree = "<group>"; };
		3DDD2DEC1FCCF8F2003CE18F /* ViewController.swift */ = {isa = PBXFileReference; lastKnownFileType = sourcecode.swift; path = ViewController.swift; sourceTree = "<group>"; };
		3DDD2DEF1FCCF8F2003CE18F /* Base */ = {isa = PBXFileReference; lastKnownFileType = file.storyboard; name = Base; path = Base.lproj/Main.storyboard; sourceTree = "<group>"; };
		3DDD2DF11FCCF8F2003CE18F /* Assets.xcassets */ = {isa = PBXFileReference; lastKnownFileType = folder.assetcatalog; path = Assets.xcassets; sourceTree = "<group>"; };
		3DDD2DF41FCCF8F2003CE18F /* Base */ = {isa = PBXFileReference; lastKnownFileType = file.storyboard; name = Base; path = Base.lproj/LaunchScreen.storyboard; sourceTree = "<group>"; };
		3DDD2DF61FCCF8F2003CE18F /* Info.plist */ = {isa = PBXFileReference; lastKnownFileType = text.plist.xml; path = Info.plist; sourceTree = "<group>"; };
		3DDD2DFE1FCE6085003CE18F /* MememeTextFieldDelegate.swift */ = {isa = PBXFileReference; lastKnownFileType = sourcecode.swift; path = MememeTextFieldDelegate.swift; sourceTree = "<group>"; };
		3DDD2E001FCFA0C0003CE18F /* MemeModel.swift */ = {isa = PBXFileReference; lastKnownFileType = sourcecode.swift; path = MemeModel.swift; sourceTree = "<group>"; };
/* End PBXFileReference section */

/* Begin PBXFrameworksBuildPhase section */
		3DDD2DE41FCCF8F2003CE18F /* Frameworks */ = {
			isa = PBXFrameworksBuildPhase;
			buildActionMask = 2147483647;
			files = (
			);
			runOnlyForDeploymentPostprocessing = 0;
		};
/* End PBXFrameworksBuildPhase section */

/* Begin PBXGroup section */
		3DDD2DDE1FCCF8F2003CE18F = {
			isa = PBXGroup;
			children = (
				3DDD2DE91FCCF8F2003CE18F /* MemeMe */,
				3DDD2DE81FCCF8F2003CE18F /* Products */,
			);
			sourceTree = "<group>";
		};
		3DDD2DE81FCCF8F2003CE18F /* Products */ = {
			isa = PBXGroup;
			children = (
				3DDD2DE71FCCF8F2003CE18F /* MemeMe.app */,
			);
			name = Products;
			sourceTree = "<group>";
		};
		3DDD2DE91FCCF8F2003CE18F /* MemeMe */ = {
			isa = PBXGroup;
			children = (
				3DDD2DEA1FCCF8F2003CE18F /* AppDelegate.swift */,
				3DDD2DFE1FCE6085003CE18F /* MememeTextFieldDelegate.swift */,
				3DDD2DEC1FCCF8F2003CE18F /* ViewController.swift */,
				3DDD2E001FCFA0C0003CE18F /* MemeModel.swift */,
				3DDD2DEE1FCCF8F2003CE18F /* Main.storyboard */,
				3DDD2DF11FCCF8F2003CE18F /* Assets.xcassets */,
				3DDD2DF31FCCF8F2003CE18F /* LaunchScreen.storyboard */,
				3DDD2DF61FCCF8F2003CE18F /* Info.plist */,
			);
			path = MemeMe;
			sourceTree = "<group>";
		};
/* End PBXGroup section */

/* Begin PBXNativeTarget section */
		3DDD2DE61FCCF8F2003CE18F /* MemeMe */ = {
			isa = PBXNativeTarget;
			buildConfigurationList = 3DDD2DF91FCCF8F2003CE18F /* Build configuration list for PBXNativeTarget "MemeMe" */;
			buildPhases = (
				3DDD2DE31FCCF8F2003CE18F /* Sources */,
				3DDD2DE41FCCF8F2003CE18F /* Frameworks */,
				3DDD2DE51FCCF8F2003CE18F /* Resources */,
			);
			buildRules = (
			);
			dependencies = (
			);
			name = MemeMe;
			productName = "MemeMe 1.0";
			productReference = 3DDD2DE71FCCF8F2003CE18F /* MemeMe.app */;
			productType = "com.apple.product-type.application";
		};
/* End PBXNativeTarget section */

/* Begin PBXProject section */
		3DDD2DDF1FCCF8F2003CE18F /* Project object */ = {
			isa = PBXProject;
			attributes = {
				LastSwiftUpdateCheck = 0910;
				LastUpgradeCheck = 0910;
				ORGANIZATIONNAME = WA;
				TargetAttributes = {
					3DDD2DE61FCCF8F2003CE18F = {
						CreatedOnToolsVersion = 9.1;
						ProvisioningStyle = Automatic;
					};
				};
			};
			buildConfigurationList = 3DDD2DE21FCCF8F2003CE18F /* Build configuration list for PBXProject "MemeMe" */;
			compatibilityVersion = "Xcode 8.0";
			developmentRegion = en;
			hasScannedForEncodings = 0;
			knownRegions = (
				en,
				Base,
			);
			mainGroup = 3DDD2DDE1FCCF8F2003CE18F;
			productRefGroup = 3DDD2DE81FCCF8F2003CE18F /* Products */;
			projectDirPath = "";
			projectRoot = "";
			targets = (
				3DDD2DE61FCCF8F2003CE18F /* MemeMe */,
			);
		};
/* End PBXProject section */

/* Begin PBXResourcesBuildPhase section */
		3DDD2DE51FCCF8F2003CE18F /* Resources */ = {
			isa = PBXResourcesBuildPhase;
			buildActionMask = 2147483647;
			files = (
				3DDD2DF51FCCF8F2003CE18F /* LaunchScreen.storyboard in Resources */,
				3DDD2DF21FCCF8F2003CE18F /* Assets.xcassets in Resources */,
				3DDD2DF01FCCF8F2003CE18F /* Main.storyboard in Resources */,
			);
			runOnlyForDeploymentPostprocessing = 0;
		};
/* End PBXResourcesBuildPhase section */

/* Begin PBXSourcesBuildPhase section */
		3DDD2DE31FCCF8F2003CE18F /* Sources */ = {
			isa = PBXSourcesBuildPhase;
			buildActionMask = 2147483647;
			files = (
				3DDD2DFF1FCE6085003CE18F /* MememeTextFieldDelegate.swift in Sources */,
				3DDD2DED1FCCF8F2003CE18F /* ViewController.swift in Sources */,
				3DDD2DEB1FCCF8F2003CE18F /* AppDelegate.swift in Sources */,
				3DDD2E011FCFA0C0003CE18F /* MemeModel.swift in Sources */,
			);
			runOnlyForDeploymentPostprocessing = 0;
		};
/* End PBXSourcesBuildPhase section */

/* Begin PBXVariantGroup section */
		3DDD2DEE1FCCF8F2003CE18F /* Main.storyboard */ = {
			isa = PBXVariantGroup;
			children = (
				3DDD2DEF1FCCF8F2003CE18F /* Base */,
			);
			name = Main.storyboard;
			sourceTree = "<group>";
		};
		3DDD2DF31FCCF8F2003CE18F /* LaunchScreen.storyboard */ = {
			isa = PBXVariantGroup;
			children = (
				3DDD2DF41FCCF8F2003CE18F /* Base */,
			);
			name = LaunchScreen.storyboard;
			sourceTree = "<group>";
		};
/* End PBXVariantGroup section */

/* Begin XCBuildConfiguration section */
		3DDD2DF71FCCF8F2003CE18F /* Debug */ = {
			isa = XCBuildConfiguration;
			buildSettings = {
				ALWAYS_SEARCH_USER_PATHS = NO;
				CLANG_ANALYZER_NONNULL = YES;
				CLANG_ANALYZER_NUMBER_OBJECT_CONVERSION = YES_AGGRESSIVE;
				CLANG_CXX_LANGUAGE_STANDARD = "gnu++14";
				CLANG_CXX_LIBRARY = "libc++";
				CLANG_ENABLE_MODULES = YES;
				CLANG_ENABLE_OBJC_ARC = YES;
				CLANG_WARN_BLOCK_CAPTURE_AUTORELEASING = YES;
				CLANG_WARN_BOOL_CONVERSION = YES;
				CLANG_WARN_COMMA = YES;
				CLANG_WARN_CONSTANT_CONVERSION = YES;
				CLANG_WARN_DIRECT_OBJC_ISA_USAGE = YES_ERROR;
				CLANG_WARN_DOCUMENTATION_COMMENTS = YES;
				CLANG_WARN_EMPTY_BODY = YES;
				CLANG_WARN_ENUM_CONVERSION = YES;
				CLANG_WARN_INFINITE_RECURSION = YES;
				CLANG_WARN_INT_CONVERSION = YES;
				CLANG_WARN_NON_LITERAL_NULL_CONVERSION = YES;
				CLANG_WARN_OBJC_LITERAL_CONVERSION = YES;
				CLANG_WARN_OBJC_ROOT_CLASS = YES_ERROR;
				CLANG_WARN_RANGE_LOOP_ANALYSIS = YES;
				CLANG_WARN_STRICT_PROTOTYPES = YES;
				CLANG_WARN_SUSPICIOUS_MOVE = YES;
				CLANG_WARN_UNGUARDED_AVAILABILITY = YES_AGGRESSIVE;
				CLANG_WARN_UNREACHABLE_CODE = YES;
				CLANG_WARN__DUPLICATE_METHOD_MATCH = YES;
				CODE_SIGN_IDENTITY = "iPhone Developer";
				COPY_PHASE_STRIP = NO;
				DEBUG_INFORMATION_FORMAT = dwarf;
				ENABLE_STRICT_OBJC_MSGSEND = YES;
				ENABLE_TESTABILITY = YES;
				GCC_C_LANGUAGE_STANDARD = gnu11;
				GCC_DYNAMIC_NO_PIC = NO;
				GCC_NO_COMMON_BLOCKS = YES;
				GCC_OPTIMIZATION_LEVEL = 0;
				GCC_PREPROCESSOR_DEFINITIONS = (
					"DEBUG=1",
					"$(inherited)",
				);
				GCC_WARN_64_TO_32_BIT_CONVERSION = YES;
				GCC_WARN_ABOUT_RETURN_TYPE = YES_ERROR;
				GCC_WARN_UNDECLARED_SELECTOR = YES;
				GCC_WARN_UNINITIALIZED_AUTOS = YES_AGGRESSIVE;
				GCC_WARN_UNUSED_FUNCTION = YES;
				GCC_WARN_UNUSED_VARIABLE = YES;
				IPHONEOS_DEPLOYMENT_TARGET = 11.1;
				MTL_ENABLE_DEBUG_INFO = YES;
				ONLY_ACTIVE_ARCH = YES;
				SDKROOT = iphoneos;
				SWIFT_ACTIVE_COMPILATION_CONDITIONS = DEBUG;
				SWIFT_OPTIMIZATION_LEVEL = "-Onone";
			};
			name = Debug;
		};
		3DDD2DF81FCCF8F2003CE18F /* Release */ = {
			isa = XCBuildConfiguration;
			buildSettings = {
				ALWAYS_SEARCH_USER_PATHS = NO;
				CLANG_ANALYZER_NONNULL = YES;
				CLANG_ANALYZER_NUMBER_OBJECT_CONVERSION = YES_AGGRESSIVE;
				CLANG_CXX_LANGUAGE_STANDARD = "gnu++14";
				CLANG_CXX_LIBRARY = "libc++";
				CLANG_ENABLE_MODULES = YES;
				CLANG_ENABLE_OBJC_ARC = YES;
				CLANG_WARN_BLOCK_CAPTURE_AUTORELEASING = YES;
				CLANG_WARN_BOOL_CONVERSION = YES;
				CLANG_WARN_COMMA = YES;
				CLANG_WARN_CONSTANT_CONVERSION = YES;
				CLANG_WARN_DIRECT_OBJC_ISA_USAGE = YES_ERROR;
				CLANG_WARN_DOCUMENTATION_COMMENTS = YES;
				CLANG_WARN_EMPTY_BODY = YES;
				CLANG_WARN_ENUM_CONVERSION = YES;
				CLANG_WARN_INFINITE_RECURSION = YES;
				CLANG_WARN_INT_CONVERSION = YES;
				CLANG_WARN_NON_LITERAL_NULL_CONVERSION = YES;
				CLANG_WARN_OBJC_LITERAL_CONVERSION = YES;
				CLANG_WARN_OBJC_ROOT_CLASS = YES_ERROR;
				CLANG_WARN_RANGE_LOOP_ANALYSIS = YES;
				CLANG_WARN_STRICT_PROTOTYPES = YES;
				CLANG_WARN_SUSPICIOUS_MOVE = YES;
				CLANG_WARN_UNGUARDED_AVAILABILITY = YES_AGGRESSIVE;
				CLANG_WARN_UNREACHABLE_CODE = YES;
				CLANG_WARN__DUPLICATE_METHOD_MATCH = YES;
				CODE_SIGN_IDENTITY = "iPhone Developer";
				COPY_PHASE_STRIP = NO;
				DEBUG_INFORMATION_FORMAT = "dwarf-with-dsym";
				ENABLE_NS_ASSERTIONS = NO;
				ENABLE_STRICT_OBJC_MSGSEND = YES;
				GCC_C_LANGUAGE_STANDARD = gnu11;
				GCC_NO_COMMON_BLOCKS = YES;
				GCC_WARN_64_TO_32_BIT_CONVERSION = YES;
				GCC_WARN_ABOUT_RETURN_TYPE = YES_ERROR;
				GCC_WARN_UNDECLARED_SELECTOR = YES;
				GCC_WARN_UNINITIALIZED_AUTOS = YES_AGGRESSIVE;
				GCC_WARN_UNUSED_FUNCTION = YES;
				GCC_WARN_UNUSED_VARIABLE = YES;
				IPHONEOS_DEPLOYMENT_TARGET = 11.1;
				MTL_ENABLE_DEBUG_INFO = NO;
				SDKROOT = iphoneos;
				SWIFT_OPTIMIZATION_LEVEL = "-Owholemodule";
				VALIDATE_PRODUCT = YES;
			};
			name = Release;
		};
		3DDD2DFA1FCCF8F2003CE18F /* Debug */ = {
			isa = XCBuildConfiguration;
			buildSettings = {
				ASSETCATALOG_COMPILER_APPICON_NAME = AppIcon;
				CODE_SIGN_STYLE = Automatic;
				DEVELOPMENT_TEAM = 5RU66EMPGY;
				INFOPLIST_FILE = MemeMe/Info.plist;
				LD_RUNPATH_SEARCH_PATHS = "$(inherited) @executable_path/Frameworks";
				PRODUCT_BUNDLE_IDENTIFIER = WA.MemeMe;
				PRODUCT_NAME = "$(TARGET_NAME)";
				SWIFT_VERSION = 4.0;
				TARGETED_DEVICE_FAMILY = "1,2";
			};
			name = Debug;
		};
		3DDD2DFB1FCCF8F2003CE18F /* Release */ = {
			isa = XCBuildConfiguration;
			buildSettings = {
				ASSETCATALOG_COMPILER_APPICON_NAME = AppIcon;
				CODE_SIGN_STYLE = Automatic;
				DEVELOPMENT_TEAM = 5RU66EMPGY;
				INFOPLIST_FILE = MemeMe/Info.plist;
				LD_RUNPATH_SEARCH_PATHS = "$(inherited) @executable_path/Frameworks";
				PRODUCT_BUNDLE_IDENTIFIER = WA.MemeMe;
				PRODUCT_NAME = "$(TARGET_NAME)";
				SWIFT_VERSION = 4.0;
				TARGETED_DEVICE_FAMILY = "1,2";
			};
			name = Release;
		};
/* End XCBuildConfiguration section */

/* Begin XCConfigurationList section */
		3DDD2DE21FCCF8F2003CE18F /* Build configuration list for PBXProject "MemeMe" */ = {
			isa = XCConfigurationList;
			buildConfigurations = (
				3DDD2DF71FCCF8F2003CE18F /* Debug */,
				3DDD2DF81FCCF8F2003CE18F /* Release */,
			);
			defaultConfigurationIsVisible = 0;
			defaultConfigurationName = Release;
		};
		3DDD2DF91FCCF8F2003CE18F /* Build configuration list for PBXNativeTarget "MemeMe" */ = {
			isa = XCConfigurationList;
			buildConfigurations = (
				3DDD2DFA1FCCF8F2003CE18F /* Debug */,
				3DDD2DFB1FCCF8F2003CE18F /* Release */,
			);
			defaultConfigurationIsVisible = 0;
			defaultConfigurationName = Release;
		};
/* End XCConfigurationList section */
	};
	rootObject = 3DDD2DDF1FCCF8F2003CE18F /* Project object */;
}
